
Microsoft Visual Studio Solution File, Format Version 12.00
# Visual Studio Version 17
VisualStudioVersion = 17.0.31903.59
MinimumVisualStudioVersion = 10.0.40219.1
Project("{2150E333-8FDC-42A3-9474-1A3956D46DE8}") = "Tests", "Tests", "{87D10A52-400C-40AD-BE72-026C01CDAC1C}"
EndProject
Project("{FAE04EC0-301F-11D3-BF4B-00C04F79EFBC}") = "MetaWeather.TestConsole", "Tests\MetaWeather.TestConsole\MetaWeather.TestConsole.csproj", "{B70FAB8B-D265-4E46-A47A-666CF6172858}"
EndProject
Project("{FAE04EC0-301F-11D3-BF4B-00C04F79EFBC}") = "MetaWeather", "MetaWeather\MetaWeather.csproj", "{61826639-BB77-4B92-A2C8-5EC86EBCCE9E}"
EndProject
Global
	GlobalSection(SolutionConfigurationPlatforms) = preSolution
		Debug|Any CPU = Debug|Any CPU
		Release|Any CPU = Release|Any CPU
	EndGlobalSection
	GlobalSection(SolutionProperties) = preSolution
		HideSolutionNode = FALSE
	EndGlobalSection
	GlobalSection(ProjectConfigurationPlatforms) = postSolution
		{B70FAB8B-D265-4E46-A47A-666CF6172858}.Debug|Any CPU.ActiveCfg = Debug|Any CPU
		{B70FAB8B-D265-4E46-A47A-666CF6172858}.Debug|Any CPU.Build.0 = Debug|Any CPU
		{B70FAB8B-D265-4E46-A47A-666CF6172858}.Release|Any CPU.ActiveCfg = Release|Any CPU
		{B70FAB8B-D265-4E46-A47A-666CF6172858}.Release|Any CPU.Build.0 = Release|Any CPU
		{61826639-BB77-4B92-A2C8-5EC86EBCCE9E}.Debug|Any CPU.ActiveCfg = Debug|Any CPU
		{61826639-BB77-4B92-A2C8-5EC86EBCCE9E}.Debug|Any CPU.Build.0 = Debug|Any CPU
		{61826639-BB77-4B92-A2C8-5EC86EBCCE9E}.Release|Any CPU.ActiveCfg = Release|Any CPU
		{61826639-BB77-4B92-A2C8-5EC86EBCCE9E}.Release|Any CPU.Build.0 = Release|Any CPU
	EndGlobalSection
	GlobalSection(NestedProjects) = preSolution
		{B70FAB8B-D265-4E46-A47A-666CF6172858} = {87D10A52-400C-40AD-BE72-026C01CDAC1C}
	EndGlobalSection
EndGlobal
